<?xml version="1.0" encoding="UTF-8" standalone="yes" ?>
<CodeBlocks_project_file>
	<FileVersion major="1" minor="6" />
	<Project>
		<Option title="will-it-fly" />
		<Option makefile_is_custom="1" />
		<Option pch_mode="2" />
		<Option compiler="gcc" />
		<Build>
			<Target title="all">
				<Option type="4" />
				<Option compiler="gcc" />
				<Compiler>
					<Add option="-g" />
				</Compiler>
			</Target>
			<Target title="demos">
				<Option type="4" />
				<Option compiler="gcc" />
			</Target>
			<Target title="wif">
				<Option output="will-it-fly" prefix_auto="1" extension_auto="1" />
				<Option type="1" />
				<Option compiler="gcc" />
				<Option use_console_runner="0" />
			</Target>
			<Target title="wif_core">
				<Option output="will-it-fly" imp_lib="$(TARGET_OUTPUT_DIR)$(TARGET_OUTPUT_BASENAME).a" def_file="$(TARGET_OUTPUT_DIR)$(TARGET_OUTPUT_BASENAME).def" prefix_auto="1" extension_auto="1" />
				<Option type="3" />
				<Option compiler="gcc" />
				<Option createDefFile="1" />
				<Option createStaticLib="1" />
			</Target>
			<Target title="wif_viz">
				<Option output="will-it-fly" imp_lib="$(TARGET_OUTPUT_DIR)$(TARGET_OUTPUT_BASENAME).a" def_file="$(TARGET_OUTPUT_DIR)$(TARGET_OUTPUT_BASENAME).def" prefix_auto="1" extension_auto="1" />
				<Option type="3" />
				<Option compiler="gcc" />
				<Option createDefFile="1" />
				<Option createStaticLib="1" />
			</Target>
			<Target title="wif_algo">
				<Option output="will-it-fly" imp_lib="$(TARGET_OUTPUT_DIR)$(TARGET_OUTPUT_BASENAME).a" def_file="$(TARGET_OUTPUT_DIR)$(TARGET_OUTPUT_BASENAME).def" prefix_auto="1" extension_auto="1" />
				<Option type="3" />
				<Option compiler="gcc" />
				<Option createDefFile="1" />
				<Option createStaticLib="1" />
			</Target>
			<Target title="clean">
				<Option type="4" />
				<Option compiler="gcc" />
			</Target>
		</Build>
		<Compiler>
			<Add option="-Wall" />
		</Compiler>
		<Unit filename="demos/demo_core_airfoil/main.cpp" />
		<Unit filename="demos/demo_core_flow_elements/main.cpp" />
		<Unit filename="demos/demo_core_vector_line/main.cpp" />
		<Unit filename="demos/demo_gsl_diag/main.cpp" />
		<Unit filename="demos/demo_gsl_integral/main.cpp" />
		<Unit filename="demos/demo_integral_gsl/main.cpp" />
		<Unit filename="demos/demo_root_algo_diag/main.cpp" />
		<Unit filename="demos/demo_root_algo_integral/main.cpp" />
		<Unit filename="demos/demo_vector_line/main.cpp" />
		<Unit filename="demos/demo_vtk_comp_dolf/main.cpp" />
		<Unit filename="demos/demo_vtk_comp_kristof/main.cpp" />
		<Unit filename="demos/demo_vtk_comp_merel/main.cpp" />
		<Unit filename="demos/demo_vtk_comp_senne/main.cpp" />
		<Unit filename="wif_algo/wif_algo.cpp">
			<Option target="all" />
		</Unit>
		<Unit filename="wif_algo/wif_algo.hpp">
			<Option target="all" />
		</Unit>
		<Unit filename="wif_core/airfoil_c.cpp" />
		<Unit filename="wif_core/airfoil_c.hpp" />
		<Unit filename="wif_core/line_2d_c.cpp" />
		<Unit filename="wif_core/line_2d_c.hpp" />
		<Unit filename="wif_core/vector_2d_c.cpp" />
		<Unit filename="wif_core/vector_2d_c.hpp" />
		<Unit filename="wif_core/wif_core.cpp">
			<Option target="all" />
		</Unit>
		<Unit filename="wif_core/wif_core.hpp">
			<Option target="all" />
		</Unit>
		<Unit filename="wif_viz/wif_viz.cpp">
			<Option target="all" />
		</Unit>
		<Unit filename="wif_viz/wif_viz.hpp">
			<Option target="all" />
		</Unit>
		<Unit filename="will_it_fly/main.cpp">
			<Option target="all" />
		</Unit>
		<Extensions>
			<code_completion />
			<envvars />
			<debugger />
		</Extensions>
	</Project>
</CodeBlocks_project_file>
