<?xml version="1.0" encoding="UTF-8" standalone="yes" ?>
<CodeBlocks_project_file>
	<FileVersion major="1" minor="6" />
	<Project>
		<Option title="will-it-fly" />
		<Option makefile_is_custom="1" />
		<Option pch_mode="2" />
		<Option compiler="gcc" />
		<Build>
			<Target title="all">
				<Option type="4" />
				<Option compiler="gcc" />
				<Compiler>
					<Add option="-g" />
				</Compiler>
			</Target>
			<Target title="demos">
				<Option type="4" />
				<Option compiler="gcc" />
			</Target>
			<Target title="wif">
				<Option output="build/bin/wif" prefix_auto="1" extension_auto="1" />
				<Option working_dir="build/exec" />
				<Option type="1" />
				<Option compiler="gcc" />
			</Target>
			<Target title="wif_core">
				<Option output="will-it-fly" imp_lib="$(TARGET_OUTPUT_DIR)$(TARGET_OUTPUT_BASENAME).a" def_file="$(TARGET_OUTPUT_DIR)$(TARGET_OUTPUT_BASENAME).def" prefix_auto="1" extension_auto="1" />
				<Option type="3" />
				<Option compiler="gcc" />
				<Option createDefFile="1" />
				<Option createStaticLib="1" />
			</Target>
			<Target title="wif_viz">
				<Option output="will-it-fly" imp_lib="$(TARGET_OUTPUT_DIR)$(TARGET_OUTPUT_BASENAME).a" def_file="$(TARGET_OUTPUT_DIR)$(TARGET_OUTPUT_BASENAME).def" prefix_auto="1" extension_auto="1" />
				<Option working_dir="build/exec" />
				<Option type="3" />
				<Option compiler="gcc" />
				<Option host_application="build/bin/wif_demo_algo_met_output" />
				<Option run_host_application_in_terminal="0" />
				<Option createDefFile="1" />
				<Option createStaticLib="1" />
			</Target>
			<Target title="wif_algo">
				<Option output="will-it-fly" imp_lib="$(TARGET_OUTPUT_DIR)$(TARGET_OUTPUT_BASENAME).a" def_file="$(TARGET_OUTPUT_DIR)$(TARGET_OUTPUT_BASENAME).def" prefix_auto="1" extension_auto="1" />
				<Option type="3" />
				<Option compiler="gcc" />
				<Option createDefFile="1" />
				<Option createStaticLib="1" />
			</Target>
			<Target title="clean">
				<Option type="4" />
				<Option compiler="gcc" />
			</Target>
			<Target title="demo_algo_diagonalizationspeed">
				<Option output="build/bin/wif_demo_algo_diagonalizationspeed" prefix_auto="1" extension_auto="1" />
				<Option working_dir="build/exec" />
				<Option object_output="/home/uauser/eindwerk/will-it-fly/.objs" />
				<Option type="1" />
				<Option compiler="gcc" />
			</Target>
			<Target title="demo_algo_integrationspeed">
				<Option output="build/bin/wif_demo_algo_integrationspeed" prefix_auto="1" extension_auto="1" />
				<Option working_dir="build/exec" />
				<Option object_output="/home/uauser/eindwerk/will-it-fly/.objs" />
				<Option type="1" />
				<Option compiler="gcc" />
			</Target>
			<Target title="demo_algo_met_output">
				<Option output="build/bin/wif_demo_algo_met_output" prefix_auto="1" extension_auto="1" />
				<Option working_dir="build/exec" />
				<Option object_output="/home/uauser/eindwerk/will-it-fly/.objs" />
				<Option type="1" />
				<Option compiler="gcc" />
			</Target>
			<Target title="demo_core_airfoil">
				<Option output="build/bin/wif_demo_core_airfoil" prefix_auto="1" extension_auto="1" />
				<Option working_dir="build/exec" />
				<Option object_output="/home/uauser/eindwerk/will-it-fly/.objs" />
				<Option type="1" />
				<Option compiler="gcc" />
			</Target>
			<Target title="demo_core_flow_elements">
				<Option output="build/bin/wif_demo_core_flow_elements" prefix_auto="1" extension_auto="1" />
				<Option working_dir="build/exec" />
				<Option object_output="/home/uauser/eindwerk/will-it-fly/.objs" />
				<Option type="1" />
				<Option compiler="gcc" />
			</Target>
			<Target title="demo_core_vector_line">
				<Option output="build/bin/wif_demo_core_vector_line" prefix_auto="1" extension_auto="1" />
				<Option working_dir="build/exec" />
				<Option object_output="/home/uauser/eindwerk/will-it-fly/.objs" />
				<Option type="1" />
				<Option compiler="gcc" />
			</Target>
			<Target title="demo_gsl_andy">
				<Option output="build/bin/wif_demo_gsl_andy" prefix_auto="1" extension_auto="1" />
				<Option working_dir="build/exec" />
				<Option object_output="/home/uauser/eindwerk/will-it-fly/.objs" />
				<Option type="1" />
				<Option compiler="gcc" />
			</Target>
			<Target title="demo_gsl_diag">
				<Option output="build/bin/wif_demo_gsl_diag" prefix_auto="1" extension_auto="1" />
				<Option working_dir="build/exec" />
				<Option object_output="/home/uauser/eindwerk/will-it-fly/.objs" />
				<Option type="1" />
				<Option compiler="gcc" />
			</Target>
			<Target title="demo_gsl_integral">
				<Option output="build/bin/wif_demo_gsl_integral" prefix_auto="1" extension_auto="1" />
				<Option working_dir="build/exec" />
				<Option object_output="/home/uauser/eindwerk/will-it-fly/.objs" />
				<Option type="1" />
				<Option compiler="gcc" />
			</Target>
			<Target title="demo_root">
				<Option output="build/bin/wif_demo_root" prefix_auto="1" extension_auto="1" />
				<Option working_dir="build/exec" />
				<Option object_output="/home/uauser/eindwerk/will-it-fly/.objs" />
				<Option type="1" />
				<Option compiler="gcc" />
			</Target>
			<Target title="demo_root_algo_diag">
				<Option output="build/bin/wif_demo_root_algo_diag" prefix_auto="1" extension_auto="1" />
				<Option working_dir="build/exec" />
				<Option object_output="/home/uauser/eindwerk/will-it-fly/.objs" />
				<Option type="1" />
				<Option compiler="gcc" />
			</Target>
			<Target title="demo_root_algo_integral">
				<Option output="build/bin/wif_demo_root_algo_integral" prefix_auto="1" extension_auto="1" />
				<Option working_dir="build/exec" />
				<Option object_output="/home/uauser/eindwerk/will-it-fly/.objs" />
				<Option type="1" />
				<Option compiler="gcc" />
			</Target>
			<Target title="demo_vtk">
				<Option output="build/bin/wif_demo_vtk" prefix_auto="1" extension_auto="1" />
				<Option working_dir="build/exec" />
				<Option object_output="/home/uauser/eindwerk/will-it-fly/.objs" />
				<Option type="1" />
				<Option compiler="gcc" />
			</Target>
			<Target title="demo_vtk_comp_dolf">
				<Option output="build/bin/wif_demo_vtk_comp_dolf" prefix_auto="1" extension_auto="1" />
				<Option working_dir="build/exec" />
				<Option object_output="/home/uauser/eindwerk/will-it-fly/.objs" />
				<Option type="1" />
				<Option compiler="gcc" />
			</Target>
			<Target title="demo_vtk_comp_kristof">
				<Option output="build/bin/wif_demo_vtk_comp_kristof" prefix_auto="1" extension_auto="1" />
				<Option working_dir="build/exec" />
				<Option object_output="/home/uauser/eindwerk/will-it-fly/.objs" />
				<Option type="1" />
				<Option compiler="gcc" />
			</Target>
			<Target title="demo_vtk_comp_merel">
				<Option output="build/bin/wif_demo_vtk_comp_merel" prefix_auto="1" extension_auto="1" />
				<Option working_dir="build/exec" />
				<Option object_output="/home/uauser/eindwerk/will-it-fly/.objs" />
				<Option type="1" />
				<Option compiler="gcc" />
			</Target>
			<Target title="demo_vtk_comp_senne">
				<Option output="build/bin/wif_demo_vtk_comp_senne" prefix_auto="1" extension_auto="1" />
				<Option working_dir="build/exec" />
				<Option object_output="/home/uauser/eindwerk/will-it-fly/.objs" />
				<Option type="1" />
				<Option compiler="gcc" />
			</Target>
			<Target title="demo_vtk_dolf">
				<Option output="build/bin/wif_demo_vtk_dolf" prefix_auto="1" extension_auto="1" />
				<Option working_dir="build/exec" />
				<Option object_output="/home/uauser/eindwerk/will-it-fly/.objs" />
				<Option type="1" />
				<Option compiler="gcc" />
			</Target>
			<Target title="demo_vtk_large">
				<Option output="build/bin/wif_demo_vtk_large" prefix_auto="1" extension_auto="1" />
				<Option working_dir="build/exec" />
				<Option object_output="/home/uauser/eindwerk/will-it-fly/.objs" />
				<Option type="1" />
				<Option compiler="gcc" />
			</Target>
			<Target title="demo_vtk_merel">
				<Option output="build/bin/wif_demo_vtk_merel" prefix_auto="1" extension_auto="1" />
				<Option working_dir="build/exec" />
				<Option object_output="/home/uauser/eindwerk/will-it-fly/.objs" />
				<Option type="1" />
				<Option compiler="gcc" />
			</Target>
			<Target title="demo_wif_algo">
				<Option output="build/bin/wif_demo_wif_algo" prefix_auto="1" extension_auto="1" />
				<Option working_dir="build/exec" />
				<Option object_output="/home/uauser/eindwerk/will-it-fly/.objs" />
				<Option type="1" />
				<Option compiler="gcc" />
			</Target>
		</Build>
		<Compiler>
			<Add option="-Wall" />
		</Compiler>
		<ExtraCommands>
			<Add before="./fix_style.sh" />
			<Mode after="always" />
		</ExtraCommands>
		<Unit filename="demos/demo_algo_diagonalizationspeed/DiagonalizationSpeedTest.cpp" />
		<Unit filename="demos/demo_algo_diagonalizationspeed/GSLDiagonalizer.cpp" />
		<Unit filename="demos/demo_algo_diagonalizationspeed/GSLDiagonalizer.h" />
		<Unit filename="demos/demo_algo_diagonalizationspeed/GSLIntegrator.cpp" />
		<Unit filename="demos/demo_algo_diagonalizationspeed/GSLIntegrator.h" />
		<Unit filename="demos/demo_algo_diagonalizationspeed/ROOTDiagonalizer.cpp" />
		<Unit filename="demos/demo_algo_diagonalizationspeed/ROOTDiagonalizer.h" />
		<Unit filename="demos/demo_algo_integrationspeed/GSLIntegrator.cpp" />
		<Unit filename="demos/demo_algo_integrationspeed/GSLIntegrator.h" />
		<Unit filename="demos/demo_algo_integrationspeed/IntegrationSpeedTest.cpp" />
		<Unit filename="demos/demo_algo_integrationspeed/ROOTIntegrator.cpp" />
		<Unit filename="demos/demo_algo_integrationspeed/ROOTIntegrator.h" />
		<Unit filename="demos/demo_algo_met_output/main.cpp" />
		<Unit filename="demos/demo_core_airfoil/main.cpp" />
		<Unit filename="demos/demo_core_flow_elements/main.cpp" />
		<Unit filename="demos/demo_core_vector_line/main.cpp" />
		<Unit filename="demos/demo_gsl_andy/main.cpp" />
		<Unit filename="demos/demo_gsl_diag/main.cpp" />
		<Unit filename="demos/demo_gsl_integral/main.cpp" />
		<Unit filename="demos/demo_root/main.cpp" />
		<Unit filename="demos/demo_root_algo_diag/main.cpp" />
		<Unit filename="demos/demo_root_algo_integral/main.cpp" />
		<Unit filename="demos/demo_template/main.cpp" />
		<Unit filename="demos/demo_vtk/main.cpp" />
		<Unit filename="demos/demo_vtk_comp_dolf/axes.cpp" />
		<Unit filename="demos/demo_vtk_comp_kristof/axes.cpp" />
		<Unit filename="demos/demo_vtk_comp_merel/veldmetlijnen.cpp" />
		<Unit filename="demos/demo_vtk_comp_senne/contours_test1.cpp" />
		<Unit filename="demos/demo_vtk_dolf/main.cpp" />
		<Unit filename="demos/demo_vtk_large/main.cpp" />
		<Unit filename="demos/demo_vtk_merel/main.cpp" />
		<Unit filename="demos/demo_wif_algo/main.cpp" />
		<Unit filename="wif_algo/wif_algo.cpp" />
		<Unit filename="wif_algo/wif_algo.hpp" />
		<Unit filename="wif_core/add_sheet_c.cpp" />
		<Unit filename="wif_core/add_sheet_c.hpp" />
		<Unit filename="wif_core/airfoil_c.cpp" />
		<Unit filename="wif_core/airfoil_c.hpp" />
		<Unit filename="wif_core/flow_accumulate_c.cpp" />
		<Unit filename="wif_core/flow_accumulate_c.hpp" />
		<Unit filename="wif_core/flow_c.cpp" />
		<Unit filename="wif_core/flow_c.hpp" />
		<Unit filename="wif_core/line_2d_c.cpp" />
		<Unit filename="wif_core/line_2d_c.hpp" />
		<Unit filename="wif_core/source_sheet_c.cpp" />
		<Unit filename="wif_core/source_sheet_c.hpp" />
		<Unit filename="wif_core/source_sink_c.cpp" />
		<Unit filename="wif_core/source_sink_c.hpp" />
		<Unit filename="wif_core/uniform_flow_c.cpp" />
		<Unit filename="wif_core/uniform_flow_c.hpp" />
		<Unit filename="wif_core/vector_2d_c.cpp" />
		<Unit filename="wif_core/vector_2d_c.hpp" />
		<Unit filename="wif_core/vortex_sheet_c.cpp" />
		<Unit filename="wif_core/vortex_sheet_c.hpp" />
		<Unit filename="wif_core/wif_core.cpp" />
		<Unit filename="wif_core/wif_core.hpp" />
		<Unit filename="wif_viz/visualization.cpp" />
		<Unit filename="wif_viz/visualization.hpp" />
		<Unit filename="wif_viz/visualization_root.cpp" />
		<Unit filename="wif_viz/visualization_root.hpp" />
		<Unit filename="wif_viz/visualization_vtk.cpp" />
		<Unit filename="wif_viz/visualization_vtk.hpp" />
		<Unit filename="wif_viz/wif_viz.cpp" />
		<Unit filename="wif_viz/wif_viz.hpp" />
		<Unit filename="will_it_fly/main.cpp">
			<Option target="all" />
		</Unit>
		<Extensions>
			<code_completion />
			<envvars />
			<debugger />
		</Extensions>
	</Project>
</CodeBlocks_project_file>
